
Microsoft Visual Studio Solution File, Format Version 12.00
# Visual Studio Version 17
VisualStudioVersion = 17.1.32328.378
MinimumVisualStudioVersion = 10.0.40219.1
Project("{8BC9CEB8-8B4A-11D0-8D11-00A0C91BC942}") = "Core", "Core\Core.vcxproj", "{6E7F5603-0B9E-49E8-8D65-BB960C29CEE9}"
EndProject
Project("{2150E333-8FDC-42A3-9474-1A3956D46DE8}") = "Solution Items", "Solution Items", "{97C4BD5C-F62D-4549-BCC3-EB353959A52C}"
	ProjectSection(SolutionItems) = preProject
		README.md = README.md
		Solution.props = Solution.props
	EndProjectSection
EndProject
Project("{8BC9CEB8-8B4A-11D0-8D11-00A0C91BC942}") = "Gallery", "Gallery\Gallery.vcxproj", "{B14A5B0E-7AB9-4A1C-9B9B-8F245F2BB56B}"
	ProjectSection(ProjectDependencies) = postProject
		{664DF73F-3A5E-447A-A16C-FD108FD71722} = {664DF73F-3A5E-447A-A16C-FD108FD71722}
	EndProjectSection
EndProject
Project("{8BC9CEB8-8B4A-11D0-8D11-00A0C91BC942}") = "Test", "Test\Test.vcxproj", "{E518ACDE-3D43-4FCD-82CE-C8E5514974DE}"
EndProject
Project("{8BC9CEB8-8B4A-11D0-8D11-00A0C91BC942}") = "UWPCppProj", "UWPCppProj\UWPCppProj.vcxproj", "{664DF73F-3A5E-447A-A16C-FD108FD71722}"
EndProject
Global
	GlobalSection(SolutionConfigurationPlatforms) = preSolution
		Debug|ARM = Debug|ARM
		Debug|ARM64 = Debug|ARM64
		Debug|x64 = Debug|x64
		Debug|x86 = Debug|x86
		Release|ARM = Release|ARM
		Release|ARM64 = Release|ARM64
		Release|x64 = Release|x64
		Release|x86 = Release|x86
	EndGlobalSection
	GlobalSection(ProjectConfigurationPlatforms) = postSolution
		{6E7F5603-0B9E-49E8-8D65-BB960C29CEE9}.Debug|ARM.ActiveCfg = Debug|x64
		{6E7F5603-0B9E-49E8-8D65-BB960C29CEE9}.Debug|ARM.Build.0 = Debug|x64
		{6E7F5603-0B9E-49E8-8D65-BB960C29CEE9}.Debug|ARM64.ActiveCfg = Debug|x64
		{6E7F5603-0B9E-49E8-8D65-BB960C29CEE9}.Debug|ARM64.Build.0 = Debug|x64
		{6E7F5603-0B9E-49E8-8D65-BB960C29CEE9}.Debug|x64.ActiveCfg = Debug|x64
		{6E7F5603-0B9E-49E8-8D65-BB960C29CEE9}.Debug|x64.Build.0 = Debug|x64
		{6E7F5603-0B9E-49E8-8D65-BB960C29CEE9}.Debug|x86.ActiveCfg = Debug|Win32
		{6E7F5603-0B9E-49E8-8D65-BB960C29CEE9}.Debug|x86.Build.0 = Debug|Win32
		{6E7F5603-0B9E-49E8-8D65-BB960C29CEE9}.Release|ARM.ActiveCfg = Release|x64
		{6E7F5603-0B9E-49E8-8D65-BB960C29CEE9}.Release|ARM.Build.0 = Release|x64
		{6E7F5603-0B9E-49E8-8D65-BB960C29CEE9}.Release|ARM64.ActiveCfg = Release|x64
		{6E7F5603-0B9E-49E8-8D65-BB960C29CEE9}.Release|ARM64.Build.0 = Release|x64
		{6E7F5603-0B9E-49E8-8D65-BB960C29CEE9}.Release|x64.ActiveCfg = Release|x64
		{6E7F5603-0B9E-49E8-8D65-BB960C29CEE9}.Release|x64.Build.0 = Release|x64
		{6E7F5603-0B9E-49E8-8D65-BB960C29CEE9}.Release|x86.ActiveCfg = Release|Win32
		{6E7F5603-0B9E-49E8-8D65-BB960C29CEE9}.Release|x86.Build.0 = Release|Win32
		{B14A5B0E-7AB9-4A1C-9B9B-8F245F2BB56B}.Debug|ARM.ActiveCfg = Debug|x64
		{B14A5B0E-7AB9-4A1C-9B9B-8F245F2BB56B}.Debug|ARM.Build.0 = Debug|x64
		{B14A5B0E-7AB9-4A1C-9B9B-8F245F2BB56B}.Debug|ARM64.ActiveCfg = Debug|x64
		{B14A5B0E-7AB9-4A1C-9B9B-8F245F2BB56B}.Debug|ARM64.Build.0 = Debug|x64
		{B14A5B0E-7AB9-4A1C-9B9B-8F245F2BB56B}.Debug|x64.ActiveCfg = Debug|x64
		{B14A5B0E-7AB9-4A1C-9B9B-8F245F2BB56B}.Debug|x64.Build.0 = Debug|x64
		{B14A5B0E-7AB9-4A1C-9B9B-8F245F2BB56B}.Debug|x86.ActiveCfg = Debug|Win32
		{B14A5B0E-7AB9-4A1C-9B9B-8F245F2BB56B}.Debug|x86.Build.0 = Debug|Win32
		{B14A5B0E-7AB9-4A1C-9B9B-8F245F2BB56B}.Release|ARM.ActiveCfg = Release|x64
		{B14A5B0E-7AB9-4A1C-9B9B-8F245F2BB56B}.Release|ARM.Build.0 = Release|x64
		{B14A5B0E-7AB9-4A1C-9B9B-8F245F2BB56B}.Release|ARM64.ActiveCfg = Release|x64
		{B14A5B0E-7AB9-4A1C-9B9B-8F245F2BB56B}.Release|ARM64.Build.0 = Release|x64
		{B14A5B0E-7AB9-4A1C-9B9B-8F245F2BB56B}.Release|x64.ActiveCfg = Release|x64
		{B14A5B0E-7AB9-4A1C-9B9B-8F245F2BB56B}.Release|x64.Build.0 = Release|x64
		{B14A5B0E-7AB9-4A1C-9B9B-8F245F2BB56B}.Release|x86.ActiveCfg = Release|Win32
		{B14A5B0E-7AB9-4A1C-9B9B-8F245F2BB56B}.Release|x86.Build.0 = Release|Win32
		{E518ACDE-3D43-4FCD-82CE-C8E5514974DE}.Debug|ARM.ActiveCfg = Debug|x64
		{E518ACDE-3D43-4FCD-82CE-C8E5514974DE}.Debug|ARM.Build.0 = Debug|x64
		{E518ACDE-3D43-4FCD-82CE-C8E5514974DE}.Debug|ARM64.ActiveCfg = Debug|x64
		{E518ACDE-3D43-4FCD-82CE-C8E5514974DE}.Debug|ARM64.Build.0 = Debug|x64
		{E518ACDE-3D43-4FCD-82CE-C8E5514974DE}.Debug|x64.ActiveCfg = Debug|x64
		{E518ACDE-3D43-4FCD-82CE-C8E5514974DE}.Debug|x64.Build.0 = Debug|x64
		{E518ACDE-3D43-4FCD-82CE-C8E5514974DE}.Debug|x86.ActiveCfg = Debug|Win32
		{E518ACDE-3D43-4FCD-82CE-C8E5514974DE}.Debug|x86.Build.0 = Debug|Win32
		{E518ACDE-3D43-4FCD-82CE-C8E5514974DE}.Release|ARM.ActiveCfg = Release|x64
		{E518ACDE-3D43-4FCD-82CE-C8E5514974DE}.Release|ARM.Build.0 = Release|x64
		{E518ACDE-3D43-4FCD-82CE-C8E5514974DE}.Release|ARM64.ActiveCfg = Release|x64
		{E518ACDE-3D43-4FCD-82CE-C8E5514974DE}.Release|ARM64.Build.0 = Release|x64
		{E518ACDE-3D43-4FCD-82CE-C8E5514974DE}.Release|x64.ActiveCfg = Release|x64
		{E518ACDE-3D43-4FCD-82CE-C8E5514974DE}.Release|x64.Build.0 = Release|x64
		{E518ACDE-3D43-4FCD-82CE-C8E5514974DE}.Release|x86.ActiveCfg = Release|Win32
		{E518ACDE-3D43-4FCD-82CE-C8E5514974DE}.Release|x86.Build.0 = Release|Win32
		{664DF73F-3A5E-447A-A16C-FD108FD71722}.Debug|ARM.ActiveCfg = Debug|ARM
		{664DF73F-3A5E-447A-A16C-FD108FD71722}.Debug|ARM.Build.0 = Debug|ARM
		{664DF73F-3A5E-447A-A16C-FD108FD71722}.Debug|ARM.Deploy.0 = Debug|ARM
		{664DF73F-3A5E-447A-A16C-FD108FD71722}.Debug|ARM64.ActiveCfg = Debug|ARM64
		{664DF73F-3A5E-447A-A16C-FD108FD71722}.Debug|ARM64.Build.0 = Debug|ARM64
		{664DF73F-3A5E-447A-A16C-FD108FD71722}.Debug|ARM64.Deploy.0 = Debug|ARM64
		{664DF73F-3A5E-447A-A16C-FD108FD71722}.Debug|x64.ActiveCfg = Debug|x64
		{664DF73F-3A5E-447A-A16C-FD108FD71722}.Debug|x64.Build.0 = Debug|x64
		{664DF73F-3A5E-447A-A16C-FD108FD71722}.Debug|x64.Deploy.0 = Debug|x64
		{664DF73F-3A5E-447A-A16C-FD108FD71722}.Debug|x86.ActiveCfg = Debug|Win32
		{664DF73F-3A5E-447A-A16C-FD108FD71722}.Debug|x86.Build.0 = Debug|Win32
		{664DF73F-3A5E-447A-A16C-FD108FD71722}.Debug|x86.Deploy.0 = Debug|Win32
		{664DF73F-3A5E-447A-A16C-FD108FD71722}.Release|ARM.ActiveCfg = Release|ARM
		{664DF73F-3A5E-447A-A16C-FD108FD71722}.Release|ARM.Build.0 = Release|ARM
		{664DF73F-3A5E-447A-A16C-FD108FD71722}.Release|ARM.Deploy.0 = Release|ARM
		{664DF73F-3A5E-447A-A16C-FD108FD71722}.Release|ARM64.ActiveCfg = Release|ARM64
		{664DF73F-3A5E-447A-A16C-FD108FD71722}.Release|ARM64.Build.0 = Release|ARM64
		{664DF73F-3A5E-447A-A16C-FD108FD71722}.Release|ARM64.Deploy.0 = Release|ARM64
		{664DF73F-3A5E-447A-A16C-FD108FD71722}.Release|x64.ActiveCfg = Release|x64
		{664DF73F-3A5E-447A-A16C-FD108FD71722}.Release|x64.Build.0 = Release|x64
		{664DF73F-3A5E-447A-A16C-FD108FD71722}.Release|x64.Deploy.0 = Release|x64
		{664DF73F-3A5E-447A-A16C-FD108FD71722}.Release|x86.ActiveCfg = Release|Win32
		{664DF73F-3A5E-447A-A16C-FD108FD71722}.Release|x86.Build.0 = Release|Win32
		{664DF73F-3A5E-447A-A16C-FD108FD71722}.Release|x86.Deploy.0 = Release|Win32
	EndGlobalSection
	GlobalSection(SolutionProperties) = preSolution
		HideSolutionNode = FALSE
	EndGlobalSection
	GlobalSection(ExtensibilityGlobals) = postSolution
		SolutionGuid = {BFE965D0-77E3-4ADB-89B6-BF160DA88F66}
	EndGlobalSection
EndGlobal
