<?xml version="1.0" encoding="utf-8"?>
<Project ToolsVersion="4.0" xmlns="http://schemas.microsoft.com/developer/msbuild/2003">
  <ItemGroup>
    <Filter Include="Source Files">
      <UniqueIdentifier>{4FC737F1-C7A5-4376-A066-2A32D752A2FF}</UniqueIdentifier>
      <Extensions>cpp;c;cc;cxx;c++;cppm;ixx;def;odl;idl;hpj;bat;asm;asmx</Extensions>
    </Filter>
    <Filter Include="Header Files">
      <UniqueIdentifier>{93995380-89BD-4b04-88EB-625FBE52EBFB}</UniqueIdentifier>
      <Extensions>h;hh;hpp;hxx;h++;hm;inl;inc;ipp;xsd</Extensions>
    </Filter>
    <Filter Include="Resource Files">
      <UniqueIdentifier>{67DA6AB6-F800-4c08-8B7A-83BB121AAD01}</UniqueIdentifier>
      <Extensions>rc;ico;cur;bmp;dlg;rc2;rct;bin;rgs;gif;jpg;jpeg;jpe;resx;tiff;tif;png;wav;mfcribbon-ms</Extensions>
    </Filter>
    <Filter Include="Pages">
      <UniqueIdentifier>{a4351fd6-2860-43ef-977d-3e29a49b4f1c}</UniqueIdentifier>
    </Filter>
    <Filter Include="Pages\Window">
      <UniqueIdentifier>{b0e42cb2-e8a8-4f55-a3f3-430b1b191a99}</UniqueIdentifier>
    </Filter>
    <Filter Include="Pages\Button">
      <UniqueIdentifier>{62beb485-7255-4fb2-a62f-9b51b6f8cfed}</UniqueIdentifier>
    </Filter>
    <Filter Include="Pages\Shell">
      <UniqueIdentifier>{a70356f7-df46-4640-9917-13a3a797fb7c}</UniqueIdentifier>
    </Filter>
    <Filter Include="Pages\WinUI">
      <UniqueIdentifier>{af30eed3-2472-42ec-bb7c-4b18fdc8ca14}</UniqueIdentifier>
    </Filter>
    <Filter Include="Pages\ProgressBar">
      <UniqueIdentifier>{ba390253-36c8-44ea-bf3e-24d2f8a855be}</UniqueIdentifier>
    </Filter>
  </ItemGroup>
  <ItemGroup>
    <ClCompile Include="ButtonEx.cpp">
      <Filter>Source Files</Filter>
    </ClCompile>
    <ClCompile Include="Gallery.ControlExample.cpp">
      <Filter>Source Files</Filter>
    </ClCompile>
    <ClCompile Include="Graphics.cpp">
      <Filter>Source Files</Filter>
    </ClCompile>
    <ClCompile Include="Gallery.PageBase.cpp">
      <Filter>Source Files</Filter>
    </ClCompile>
    <ClCompile Include="Gallery.SplashScreen.cpp">
      <Filter>Source Files</Filter>
    </ClCompile>
    <ClCompile Include="pch.cpp">
      <Filter>Source Files</Filter>
    </ClCompile>
    <ClCompile Include="Gallery.Pages.WindowPage.Page.cpp">
      <Filter>Pages\Window</Filter>
    </ClCompile>
    <ClCompile Include="Gallery.Pages.ButtonPage.Page.cpp">
      <Filter>Pages\Button</Filter>
    </ClCompile>
    <ClCompile Include="Gallery.MainWindow.cpp">
      <Filter>Source Files</Filter>
    </ClCompile>
    <ClCompile Include="Gallery.Pages.WindowPage.ExampleWindow.cpp">
      <Filter>Pages\Window</Filter>
    </ClCompile>
    <ClCompile Include="Gallery.Pages.WindowPage.WindowStyleCheckbox.cpp">
      <Filter>Pages\Window</Filter>
    </ClCompile>
    <ClCompile Include="Gallery.Pages.WindowPage.WindowStyleTooltip.cpp">
      <Filter>Pages\Window</Filter>
    </ClCompile>
    <ClCompile Include="Gallery.Pages.WindowPage.DwmAttributeRadioButton.cpp">
      <Filter>Pages\Window</Filter>
    </ClCompile>
    <ClCompile Include="Gallery.Tabs.cpp">
      <Filter>Source Files</Filter>
    </ClCompile>
    <ClCompile Include="Gallery.Pages.WindowPage.WindowStyleAssist.cpp">
      <Filter>Pages\Window</Filter>
    </ClCompile>
    <ClCompile Include="main.cpp">
      <Filter>Source Files</Filter>
    </ClCompile>
    <ClCompile Include="Gallery.Pages.ShellPage.Page.cpp">
      <Filter>Pages\Shell</Filter>
    </ClCompile>
    <ClCompile Include="Gallery.Pages.WinUIPage.Page.cpp">
      <Filter>Pages\WinUI</Filter>
    </ClCompile>
    <ClCompile Include="Gallery.Pages.ProgressBarPage.Page.cpp">
      <Filter>Pages\ProgressBar</Filter>
    </ClCompile>
    <ClCompile Include="Gallery.Pages.ProgressBarPage.ProgressBarCheckbox.cpp">
      <Filter>Pages\ProgressBar</Filter>
    </ClCompile>
    <ClCompile Include="Gallery.Pages.UWPPage.Page.cpp">
      <Filter>Pages\WinUI</Filter>
    </ClCompile>
  </ItemGroup>
  <ItemGroup>
    <ClInclude Include="Gallery.Button.h">
      <Filter>Header Files</Filter>
    </ClInclude>
    <ClInclude Include="ControlBase.h">
      <Filter>Header Files</Filter>
    </ClInclude>
    <ClInclude Include="Gallery.ControlExample.h">
      <Filter>Header Files</Filter>
    </ClInclude>
    <ClInclude Include="framework.h">
      <Filter>Header Files</Filter>
    </ClInclude>
    <ClInclude Include="Graphics.h">
      <Filter>Header Files</Filter>
    </ClInclude>
    <ClInclude Include="Gallery.PageBase.h">
      <Filter>Header Files</Filter>
    </ClInclude>
    <ClInclude Include="Resource.h">
      <Filter>Header Files</Filter>
    </ClInclude>
    <ClInclude Include="Gallery.SplashScreen.h">
      <Filter>Header Files</Filter>
    </ClInclude>
    <ClInclude Include="targetver.h">
      <Filter>Header Files</Filter>
    </ClInclude>
    <ClInclude Include="pch.h">
      <Filter>Header Files</Filter>
    </ClInclude>
    <ClInclude Include="Gallery.Pages.WindowPage.Page.h">
      <Filter>Pages\Window</Filter>
    </ClInclude>
    <ClInclude Include="Gallery.Pages.ButtonPage.Page.h">
      <Filter>Pages\Button</Filter>
    </ClInclude>
    <ClInclude Include="WindowStyleDetail.h">
      <Filter>Pages\Window</Filter>
    </ClInclude>
    <ClInclude Include="Handler.hpp">
      <Filter>Header Files</Filter>
    </ClInclude>
    <ClInclude Include="Gallery.MainWindow.h">
      <Filter>Header Files</Filter>
    </ClInclude>
    <ClInclude Include="Gallery.Slider.h">
      <Filter>Header Files</Filter>
    </ClInclude>
    <ClInclude Include="Gallery.Pages.WindowPage.ExampleWindow.h">
      <Filter>Pages\Window</Filter>
    </ClInclude>
    <ClInclude Include="Gallery.Pages.WindowPage.WindowStyleCheckbox.h">
      <Filter>Pages\Window</Filter>
    </ClInclude>
    <ClInclude Include="Gallery.Pages.WindowPage.WindowStyleTooltip.h">
      <Filter>Pages\Window</Filter>
    </ClInclude>
    <ClInclude Include="Gallery.Pages.WindowPage.DwmAttributeCheckbox.h">
      <Filter>Pages\Window</Filter>
    </ClInclude>
    <ClInclude Include="Gallery.Pages.WindowPage.DwmAttributeRadioButton.h">
      <Filter>Pages\Window</Filter>
    </ClInclude>
    <ClInclude Include="Gallery.RadioButtonGroup.h">
      <Filter>Header Files</Filter>
    </ClInclude>
    <ClInclude Include="Gallery.Tabs.h">
      <Filter>Header Files</Filter>
    </ClInclude>
    <ClInclude Include="Gallery.Pages.WindowPage.WindowStyleAssist.h">
      <Filter>Pages\Window</Filter>
    </ClInclude>
    <ClInclude Include="Gallery.Pages.ShellPage.Page.h">
      <Filter>Pages\Shell</Filter>
    </ClInclude>
    <ClInclude Include="Gallery.TabPageBase.h">
      <Filter>Header Files</Filter>
    </ClInclude>
    <ClInclude Include="Gallery.Pages.WinUIPage.Page.h">
      <Filter>Pages\WinUI</Filter>
    </ClInclude>
    <ClInclude Include="Gallery.Pages.ProgressBarPage.Page.h">
      <Filter>Pages\ProgressBar</Filter>
    </ClInclude>
    <ClInclude Include="Gallery.Spinbox.h">
      <Filter>Header Files</Filter>
    </ClInclude>
    <ClInclude Include="Gallery.Pages.ProgressBarPage.ProgrssBarCheckbox.h">
      <Filter>Pages\ProgressBar</Filter>
    </ClInclude>
    <ClInclude Include="Gallery.Pages.UWPPage.Page.h">
      <Filter>Pages\WinUI</Filter>
    </ClInclude>
  </ItemGroup>
  <ItemGroup>
    <Image Include="Core.ico">
      <Filter>Resource Files</Filter>
    </Image>
    <Image Include="small.ico">
      <Filter>Resource Files</Filter>
    </Image>
    <Image Include="splash.png">
      <Filter>Resource Files</Filter>
    </Image>
  </ItemGroup>
  <ItemGroup>
    <ResourceCompile Include="Core.rc">
      <Filter>Resource Files</Filter>
    </ResourceCompile>
  </ItemGroup>
  <ItemGroup>
    <None Include="packages.config" />
  </ItemGroup>
  <ItemGroup>
    <Manifest Include="app.manifest" />
  </ItemGroup>
</Project>