<?xml version="1.0" encoding="utf-8"?>
<Project ToolsVersion="4.0" xmlns="http://schemas.microsoft.com/developer/msbuild/2003">
  <ItemGroup>
    <Filter Include="Controls">
      <UniqueIdentifier>{7e268212-db96-45bf-8315-1c4e96bfd096}</UniqueIdentifier>
    </Filter>
  </ItemGroup>
  <ItemGroup>
    <ClInclude Include="Controls.Button.hpp">
      <Filter>Controls</Filter>
    </ClInclude>
    <ClInclude Include="Controls.Control.hpp">
      <Filter>Controls</Filter>
    </ClInclude>
    <ClInclude Include="Controls.Tab.hpp">
      <Filter>Controls</Filter>
    </ClInclude>
    <ClInclude Include="Controls.Tooltip.hpp">
      <Filter>Controls</Filter>
    </ClInclude>
    <ClInclude Include="Controls.Trackbar.hpp">
      <Filter>Controls</Filter>
    </ClInclude>
    <ClInclude Include="pch.h">
      <Filter>Controls</Filter>
    </ClInclude>
  </ItemGroup>
  <ItemGroup>
    <ClCompile Include="pch.cpp">
      <Filter>Controls</Filter>
    </ClCompile>
  </ItemGroup>
</Project>